{
  "name": "tuner",
  "lockfileVersion": 2,
  "requires": true,
  "packages": {
    "": {
      "dependencies": {
        "@jasonfleischer/fretboard": "^1.0.13",
        "@jasonfleischer/piano": "^1.0.13"
      }
    },
    "node_modules/@jasonfleischer/fretboard": {
      "version": "1.0.13",
      "resolved": "https://registry.npmjs.org/@jasonfleischer/fretboard/-/fretboard-1.0.13.tgz",
      "integrity": "sha512-MlaRYSmAKMc/ygaTz5eKWolufBZo3gN36IHelxzMAvWY1rtPsoIdkyCj3XvptcS3hI2vXj+Rek7YUuBjV49tbQ==",
      "dependencies": {
        "@jasonfleischer/log": "^1.0.1",
        "@jasonfleischer/music-model-kit": "^1.0.12"
      },
      "funding": {
        "type": "individual",
        "url": "https://ko-fi.com/jasonfleischer"
      }
    },
    "node_modules/@jasonfleischer/log": {
      "version": "1.0.8",
      "resolved": "https://registry.npmjs.org/@jasonfleischer/log/-/log-1.0.8.tgz",
      "integrity": "sha512-P+CKYOlwVISgn0GMHBW7udf1spZ5Ins6YBDJO/Lu6LdEZj2WPawyv6t3SudstjNimHX6yKav+RLsc88pSVzehQ==",
      "funding": {
        "type": "individual",
        "url": "https://ko-fi.com/jasonfleischer"
      }
    },
    "node_modules/@jasonfleischer/music-model-kit": {
      "version": "1.0.12",
      "resolved": "https://registry.npmjs.org/@jasonfleischer/music-model-kit/-/music-model-kit-1.0.12.tgz",
      "integrity": "sha512-radLbjvgt+BNhylU1TwVva2bjKUuFjP4GV1+LRbh9Z5Pj1UvaSVfxSwAn5oQwQKELhI/i+wQauIJf5z9UuhSrA=="
    },
    "node_modules/@jasonfleischer/piano": {
      "version": "1.0.13",
      "resolved": "https://registry.npmjs.org/@jasonfleischer/piano/-/piano-1.0.13.tgz",
      "integrity": "sha512-lq+glPQAmGgxKap/RPxC+4c2yZTHgRXvteDMDnDsUBATd7CGnApIzRoZFfCWgcI3FQfC0b4IMyJpOcmRxREKkA==",
      "dependencies": {
        "@jasonfleischer/log": "^1.0.1",
        "@jasonfleischer/music-model-kit": "^1.0.12"
      },
      "funding": {
        "type": "individual",
        "url": "https://ko-fi.com/jasonfleischer"
      }
    }
  },
  "dependencies": {
    "@jasonfleischer/fretboard": {
      "version": "1.0.13",
      "resolved": "https://registry.npmjs.org/@jasonfleischer/fretboard/-/fretboard-1.0.13.tgz",
      "integrity": "sha512-MlaRYSmAKMc/ygaTz5eKWolufBZo3gN36IHelxzMAvWY1rtPsoIdkyCj3XvptcS3hI2vXj+Rek7YUuBjV49tbQ==",
      "requires": {
        "@jasonfleischer/log": "^1.0.1",
        "@jasonfleischer/music-model-kit": "^1.0.12"
      }
    },
    "@jasonfleischer/log": {
      "version": "1.0.8",
      "resolved": "https://registry.npmjs.org/@jasonfleischer/log/-/log-1.0.8.tgz",
      "integrity": "sha512-P+CKYOlwVISgn0GMHBW7udf1spZ5Ins6YBDJO/Lu6LdEZj2WPawyv6t3SudstjNimHX6yKav+RLsc88pSVzehQ=="
    },
    "@jasonfleischer/music-model-kit": {
      "version": "1.0.12",
      "resolved": "https://registry.npmjs.org/@jasonfleischer/music-model-kit/-/music-model-kit-1.0.12.tgz",
      "integrity": "sha512-radLbjvgt+BNhylU1TwVva2bjKUuFjP4GV1+LRbh9Z5Pj1UvaSVfxSwAn5oQwQKELhI/i+wQauIJf5z9UuhSrA=="
    },
    "@jasonfleischer/piano": {
      "version": "1.0.13",
      "resolved": "https://registry.npmjs.org/@jasonfleischer/piano/-/piano-1.0.13.tgz",
      "integrity": "sha512-lq+glPQAmGgxKap/RPxC+4c2yZTHgRXvteDMDnDsUBATd7CGnApIzRoZFfCWgcI3FQfC0b4IMyJpOcmRxREKkA==",
      "requires": {
        "@jasonfleischer/log": "^1.0.1",
        "@jasonfleischer/music-model-kit": "^1.0.12"
      }
    }
  }
}
